
Microsoft Visual Studio Solution File, Format Version 12.00
# Visual Studio 14
VisualStudioVersion = 14.0.25420.1
MinimumVisualStudioVersion = 10.0.40219.1
Project("{FAE04EC0-301F-11D3-BF4B-00C04F79EFBC}") = "Subtask1", "Яковлев_Яков_Task1\Subtask1.csproj", "{EAC7B734-751B-44B8-83BA-9425A0ED5DF7}"
EndProject
Project("{FAE04EC0-301F-11D3-BF4B-00C04F79EFBC}") = "Subtask2", "Subtask2\Subtask2.csproj", "{CCBF3A73-5A72-4983-B712-6F2758323E15}"
EndProject
Global
	GlobalSection(SolutionConfigurationPlatforms) = preSolution
		Debug|Any CPU = Debug|Any CPU
		Release|Any CPU = Release|Any CPU
	EndGlobalSection
	GlobalSection(ProjectConfigurationPlatforms) = postSolution
		{EAC7B734-751B-44B8-83BA-9425A0ED5DF7}.Debug|Any CPU.ActiveCfg = Debug|Any CPU
		{EAC7B734-751B-44B8-83BA-9425A0ED5DF7}.Debug|Any CPU.Build.0 = Debug|Any CPU
		{EAC7B734-751B-44B8-83BA-9425A0ED5DF7}.Release|Any CPU.ActiveCfg = Release|Any CPU
		{EAC7B734-751B-44B8-83BA-9425A0ED5DF7}.Release|Any CPU.Build.0 = Release|Any CPU
		{CCBF3A73-5A72-4983-B712-6F2758323E15}.Debug|Any CPU.ActiveCfg = Debug|Any CPU
		{CCBF3A73-5A72-4983-B712-6F2758323E15}.Debug|Any CPU.Build.0 = Debug|Any CPU
		{CCBF3A73-5A72-4983-B712-6F2758323E15}.Release|Any CPU.ActiveCfg = Release|Any CPU
		{CCBF3A73-5A72-4983-B712-6F2758323E15}.Release|Any CPU.Build.0 = Release|Any CPU
	EndGlobalSection
	GlobalSection(SolutionProperties) = preSolution
		HideSolutionNode = FALSE
	EndGlobalSection
EndGlobal
