
Microsoft Visual Studio Solution File, Format Version 12.00
# Visual Studio 14
VisualStudioVersion = 14.0.25420.1
MinimumVisualStudioVersion = 10.0.40219.1
Project("{FAE04EC0-301F-11D3-BF4B-00C04F79EFBC}") = "Subtask5_1", "Task5\Subtask5_1.csproj", "{C66ED39E-772F-41D4-9EBD-FB986044BA0A}"
EndProject
Project("{FAE04EC0-301F-11D3-BF4B-00C04F79EFBC}") = "Subtask5_2", "Subtask5_2\Subtask5_2.csproj", "{F06C416C-961E-45E4-ACA8-6C5302C040A5}"
EndProject
Project("{FAE04EC0-301F-11D3-BF4B-00C04F79EFBC}") = "Subtask5_3", "Subtask5_3\Subtask5_3.csproj", "{E5A251D6-E498-49BE-9133-456A147EA2A1}"
EndProject
Project("{FAE04EC0-301F-11D3-BF4B-00C04F79EFBC}") = "Subtask5_4", "Subtask5_4\Subtask5_4.csproj", "{5F426011-248E-4F6E-AA71-132511F67789}"
EndProject
Global
	GlobalSection(SolutionConfigurationPlatforms) = preSolution
		Debug|Any CPU = Debug|Any CPU
		Release|Any CPU = Release|Any CPU
	EndGlobalSection
	GlobalSection(ProjectConfigurationPlatforms) = postSolution
		{C66ED39E-772F-41D4-9EBD-FB986044BA0A}.Debug|Any CPU.ActiveCfg = Debug|Any CPU
		{C66ED39E-772F-41D4-9EBD-FB986044BA0A}.Debug|Any CPU.Build.0 = Debug|Any CPU
		{C66ED39E-772F-41D4-9EBD-FB986044BA0A}.Release|Any CPU.ActiveCfg = Release|Any CPU
		{C66ED39E-772F-41D4-9EBD-FB986044BA0A}.Release|Any CPU.Build.0 = Release|Any CPU
		{F06C416C-961E-45E4-ACA8-6C5302C040A5}.Debug|Any CPU.ActiveCfg = Debug|Any CPU
		{F06C416C-961E-45E4-ACA8-6C5302C040A5}.Debug|Any CPU.Build.0 = Debug|Any CPU
		{F06C416C-961E-45E4-ACA8-6C5302C040A5}.Release|Any CPU.ActiveCfg = Release|Any CPU
		{F06C416C-961E-45E4-ACA8-6C5302C040A5}.Release|Any CPU.Build.0 = Release|Any CPU
		{E5A251D6-E498-49BE-9133-456A147EA2A1}.Debug|Any CPU.ActiveCfg = Debug|Any CPU
		{E5A251D6-E498-49BE-9133-456A147EA2A1}.Debug|Any CPU.Build.0 = Debug|Any CPU
		{E5A251D6-E498-49BE-9133-456A147EA2A1}.Release|Any CPU.ActiveCfg = Release|Any CPU
		{E5A251D6-E498-49BE-9133-456A147EA2A1}.Release|Any CPU.Build.0 = Release|Any CPU
		{5F426011-248E-4F6E-AA71-132511F67789}.Debug|Any CPU.ActiveCfg = Debug|Any CPU
		{5F426011-248E-4F6E-AA71-132511F67789}.Debug|Any CPU.Build.0 = Debug|Any CPU
		{5F426011-248E-4F6E-AA71-132511F67789}.Release|Any CPU.ActiveCfg = Release|Any CPU
		{5F426011-248E-4F6E-AA71-132511F67789}.Release|Any CPU.Build.0 = Release|Any CPU
	EndGlobalSection
	GlobalSection(SolutionProperties) = preSolution
		HideSolutionNode = FALSE
	EndGlobalSection
EndGlobal
